
Microsoft Visual Studio Solution File, Format Version 12.00
# Visual Studio Version 16
VisualStudioVersion = 16.0.33214.272
MinimumVisualStudioVersion = 10.0.40219.1
Project("{FAE04EC0-301F-11D3-BF4B-00C04F79EFBC}") = "ClassLibrary2", "ClassLibrary2.csproj", "{F8467F90-8DC5-4D33-B0B6-6D3B2182A195}"
EndProject
Project("{FAE04EC0-301F-11D3-BF4B-00C04F79EFBC}") = "ConsoleApp4", "..\ConsoleApp4\ConsoleApp4.csproj", "{0E742518-E108-45EC-ACE1-954F3B6523A5}"
EndProject
Global
	GlobalSection(SolutionConfigurationPlatforms) = preSolution
		Debug|Any CPU = Debug|Any CPU
		Release|Any CPU = Release|Any CPU
	EndGlobalSection
	GlobalSection(ProjectConfigurationPlatforms) = postSolution
		{F8467F90-8DC5-4D33-B0B6-6D3B2182A195}.Debug|Any CPU.ActiveCfg = Debug|Any CPU
		{F8467F90-8DC5-4D33-B0B6-6D3B2182A195}.Debug|Any CPU.Build.0 = Debug|Any CPU
		{F8467F90-8DC5-4D33-B0B6-6D3B2182A195}.Release|Any CPU.ActiveCfg = Release|Any CPU
		{F8467F90-8DC5-4D33-B0B6-6D3B2182A195}.Release|Any CPU.Build.0 = Release|Any CPU
		{0E742518-E108-45EC-ACE1-954F3B6523A5}.Debug|Any CPU.ActiveCfg = Debug|Any CPU
		{0E742518-E108-45EC-ACE1-954F3B6523A5}.Debug|Any CPU.Build.0 = Debug|Any CPU
		{0E742518-E108-45EC-ACE1-954F3B6523A5}.Release|Any CPU.ActiveCfg = Release|Any CPU
		{0E742518-E108-45EC-ACE1-954F3B6523A5}.Release|Any CPU.Build.0 = Release|Any CPU
	EndGlobalSection
	GlobalSection(SolutionProperties) = preSolution
		HideSolutionNode = FALSE
	EndGlobalSection
	GlobalSection(ExtensibilityGlobals) = postSolution
		SolutionGuid = {2CE5AC42-DA93-443A-8E3F-F8501B869171}
	EndGlobalSection
EndGlobal
